schema: '2.0'
stages:
  train_mobilenet_v3_small_baseline:
    cmd: python scripts/train_classification.py --model mobilenet_v3_small --augmentation
      none
    deps:
    - path: scripts/train_classification.py
      hash: md5
      md5: b3da5009541a07be116cccfe340a9790
      size: 6610
      isexec: true
    - path: src/dataset/classification_dataset.py
      hash: md5
      md5: a97f04517881b7054dd1fb4350a02343
      size: 1707
      isexec: true
    - path: src/engines/classification_trainer.py
      hash: md5
      md5: 061c9fe3ed8ec7f7ca5b79abd03de3c0
      size: 1526
      isexec: true
    - path: src/engines/classification_validator.py
      hash: md5
      md5: 465ee1f109ff7d7b65db44842a416122
      size: 1922
      isexec: true
    - path: src/models/convnext.py
      hash: md5
      md5: 7dea363932dffd791aff44ea14859d27
      size: 263
      isexec: true
    - path: src/models/efficientnet.py
      hash: md5
      md5: adc1fd0d9d04d96e6622573d110283a7
      size: 265
      isexec: true
    - path: src/models/mobilenet.py
      hash: md5
      md5: 33f97e2406a3543babaf571b83281f04
      size: 271
      isexec: true
    - path: src/models/resnet18.py
      hash: md5
      md5: 3def7aa893dc280e1c6b6c55bc4d7846
      size: 1136
      isexec: true
    - path: src/transforms/cutmix.py
      hash: md5
      md5: aa241939540e87f55a016458aa99ac75
      size: 1157
      isexec: true
    - path: src/transforms/image_transform.py
      hash: md5
      md5: fa30f5302a175124d5f71df8e1680083
      size: 1477
      isexec: true
    - path: src/transforms/mixup.py
      hash: md5
      md5: 1c902be07c22363cbbfe7b52d69d7993
      size: 546
      isexec: true
    params:
      params.yaml:
        classification:
          model_name: resnet18
          epochs: 50
          learning_rate: 0.001
          augmentation:
            use_aug: false
            type: none
          metrics:
            train:
            - loss
            - accuracy
            validation:
            - loss
            - accuracy
            - macro_f1
          checkpoint:
            save_dir: /workspace/outputs/classification
        data.dataset_version: raw-20260509-v1
        preprocess:
          image_size: 224
          normalize: true
        train:
          seed: 42
          epochs: 20
          batch_size: 32
          num_workers: 4
          device: cuda
          optimizer: adam
  train_lstm_baseline:
    cmd: python scripts/train_captioning.py --model lstm
    deps:
    - path: data/annotations/annotation.json
      hash: md5
      md5: d8d6dc29ca53df7b9ce092651e06dd18
      size: 3467982
    - path: scripts/train_captioning.py
      hash: md5
      md5: c8698485e73161fb55ea3fbe99b6430b
      size: 8123
      isexec: true
    - path: src/dataset/build_vocab.py
      hash: md5
      md5: 2ce521b0206576f1c78d96c8712e6238
      size: 926
    - path: src/dataset/captioning_dataset.py
      hash: md5
      md5: f5bb06d79d60cb3ef2398528494a22ca
      size: 1929
      isexec: true
    - path: src/engines/captioning_trainer.py
      hash: md5
      md5: 83d7ed24fd0752fdb58326f6714fbc87
      size: 801
      isexec: true
    - path: src/engines/captioning_validator.py
      hash: md5
      md5: eccbe57c48eebaaee4f428fabb5817dc
      size: 1463
      isexec: true
    - path: src/metrics/evaluate_caption.py
      hash: md5
      md5: baf7d819f7ca95db42582c535fb7cdf4
      size: 1849
      isexec: true
    - path: src/models/lstm.py
      hash: md5
      md5: bb1b877e689f3f6f18c252240ef6b8be
      size: 1822
    - path: src/models/resnet18.py
      hash: md5
      md5: 3def7aa893dc280e1c6b6c55bc4d7846
      size: 1136
    - path: src/transforms/image_transform.py
      hash: md5
      md5: fa30f5302a175124d5f71df8e1680083
      size: 1477
    params:
      params.yaml:
        captioning:
          encoder: resnet18
          decoder: transformer
          version: v1
          epochs: 20
          learning_rate: 0.0001
          batch_size: 32
          optimizer: adam
          max_caption_length: 30
          lstm:
            embed_dim: 256
            hidden_dim: 512
            num_layers: 1
          gru:
            embed_dim: 256
            hidden_dim: 512
            num_layers: 1
          transformer:
            d_model: 512
            nhead: 8
            num_layers: 4
            dropout: 0.3
            weight_decay: 0.0
          checkpoint:
            save_dir: /workspace/outputs/captioning
        data:
          raw_dir: /workspace/data/raw/
          captions_file: /workspace/data/annotations/annotation.json
          dataset_version: raw-20260509-v1
        preprocess:
          image_size: 224
          normalize: true
        tokenizer:
          min_freq: 5
          max_vocab_size: 10000
        train:
          seed: 42
          epochs: 20
          batch_size: 32
          num_workers: 4
          device: cuda
          optimizer: adam
